
Microsoft Visual Studio Solution File, Format Version 12.00
# Visual Studio 16
Project("{FAE04EC0-301F-11D3-BF4B-00C04F79EFBC}") = "Assembly-CSharp", "Assembly-CSharp.csproj", "{387AE6ED-DF59-9639-8857-2F9C0A0C7F0C}"
EndProject
Project("{FAE04EC0-301F-11D3-BF4B-00C04F79EFBC}") = "NET", "..\NET\NET.csproj", "{B87A8C52-6979-42EC-A83D-355E31D919EE}"
EndProject
Global
	GlobalSection(SolutionConfigurationPlatforms) = preSolution
		Debug|Any CPU = Debug|Any CPU
		Release|Any CPU = Release|Any CPU
	EndGlobalSection
	GlobalSection(ProjectConfigurationPlatforms) = postSolution
		{387AE6ED-DF59-9639-8857-2F9C0A0C7F0C}.Debug|Any CPU.ActiveCfg = Debug|Any CPU
		{387AE6ED-DF59-9639-8857-2F9C0A0C7F0C}.Debug|Any CPU.Build.0 = Debug|Any CPU
		{387AE6ED-DF59-9639-8857-2F9C0A0C7F0C}.Release|Any CPU.ActiveCfg = Release|Any CPU
		{387AE6ED-DF59-9639-8857-2F9C0A0C7F0C}.Release|Any CPU.Build.0 = Release|Any CPU
		{B87A8C52-6979-42EC-A83D-355E31D919EE}.Debug|Any CPU.ActiveCfg = Debug|Any CPU
		{B87A8C52-6979-42EC-A83D-355E31D919EE}.Debug|Any CPU.Build.0 = Debug|Any CPU
		{B87A8C52-6979-42EC-A83D-355E31D919EE}.Release|Any CPU.ActiveCfg = Release|Any CPU
		{B87A8C52-6979-42EC-A83D-355E31D919EE}.Release|Any CPU.Build.0 = Release|Any CPU
	EndGlobalSection
	GlobalSection(SolutionProperties) = preSolution
		HideSolutionNode = FALSE
	EndGlobalSection
EndGlobal
